// !$*UTF8*$!
{
	archiveVersion = 1;
	classes = {
	};
	objectVersion = 55;
	objects = {

/* Begin PBXBuildFile section */
		D4FBC6DF28595D1D00871295 /* AppDelegate.m in Sources */ = {isa = PBXBuildFile; fileRef = D4FBC6DE28595D1D00871295 /* AppDelegate.m */; };
		D4FBC6E228595D1D00871295 /* SceneDelegate.m in Sources */ = {isa = PBXBuildFile; fileRef = D4FBC6E128595D1D00871295 /* SceneDelegate.m */; };
		D4FBC6E528595D1D00871295 /* ViewController.m in Sources */ = {isa = PBXBuildFile; fileRef = D4FBC6E428595D1D00871295 /* ViewController.m */; };
		D4FBC6E828595D1D00871295 /* Main.storyboard in Resources */ = {isa = PBXBuildFile; fileRef = D4FBC6E628595D1D00871295 /* Main.storyboard */; };
		D4FBC6EA28595D1E00871295 /* Assets.xcassets in Resources */ = {isa = PBXBuildFile; fileRef = D4FBC6E928595D1E00871295 /* Assets.xcassets */; };
		D4FBC6ED28595D1E00871295 /* LaunchScreen.storyboard in Resources */ = {isa = PBXBuildFile; fileRef = D4FBC6EB28595D1E00871295 /* LaunchScreen.storyboard */; };
		D4FBC6F028595D1E00871295 /* main.m in Sources */ = {isa = PBXBuildFile; fileRef = D4FBC6EF28595D1E00871295 /* main.m */; };
		D4FBC6FA28595D1F00871295 /* hello_worldTests.m in Sources */ = {isa = PBXBuildFile; fileRef = D4FBC6F928595D1F00871295 /* hello_worldTests.m */; };
		D4FBC70428595D1F00871295 /* hello_worldUITests.m in Sources */ = {isa = PBXBuildFile; fileRef = D4FBC70328595D1F00871295 /* hello_worldUITests.m */; };
		D4FBC70628595D1F00871295 /* hello_worldUITestsLaunchTests.m in Sources */ = {isa = PBXBuildFile; fileRef = D4FBC70528595D1F00871295 /* hello_worldUITestsLaunchTests.m */; };
/* End PBXBuildFile section */

/* Begin PBXContainerItemProxy section */
		D4FBC6F628595D1F00871295 /* PBXContainerItemProxy */ = {
			isa = PBXContainerItemProxy;
			containerPortal = D4FBC6D228595D1D00871295 /* Project object */;
			proxyType = 1;
			remoteGlobalIDString = D4FBC6D928595D1D00871295;
			remoteInfo = "hello-world";
		};
		D4FBC70028595D1F00871295 /* PBXContainerItemProxy */ = {
			isa = PBXContainerItemProxy;
			containerPortal = D4FBC6D228595D1D00871295 /* Project object */;
			proxyType = 1;
			remoteGlobalIDString = D4FBC6D928595D1D00871295;
			remoteInfo = "hello-world";
		};
/* End PBXContainerItemProxy section */

/* Begin PBXFileReference section */
		D4FBC6DA28595D1D00871295 /* hello-world.app */ = {isa = PBXFileReference; explicitFileType = wrapper.application; includeInIndex = 0; path = "hello-world.app"; sourceTree = BUILT_PRODUCTS_DIR; };
		D4FBC6DD28595D1D00871295 /* AppDelegate.h */ = {isa = PBXFileReference; lastKnownFileType = sourcecode.c.h; path = AppDelegate.h; sourceTree = "<group>"; };
		D4FBC6DE28595D1D00871295 /* AppDelegate.m */ = {isa = PBXFileReference; lastKnownFileType = sourcecode.c.objc; path = AppDelegate.m; sourceTree = "<group>"; };
		D4FBC6E028595D1D00871295 /* SceneDelegate.h */ = {isa = PBXFileReference; lastKnownFileType = sourcecode.c.h; path = SceneDelegate.h; sourceTree = "<group>"; };
		D4FBC6E128595D1D00871295 /* SceneDelegate.m */ = {isa = PBXFileReference; lastKnownFileType = sourcecode.c.objc; path = SceneDelegate.m; sourceTree = "<group>"; };
		D4FBC6E328595D1D00871295 /* ViewController.h */ = {isa = PBXFileReference; lastKnownFileType = sourcecode.c.h; path = ViewController.h; sourceTree = "<group>"; };
		D4FBC6E428595D1D00871295 /* ViewController.m */ = {isa = PBXFileReference; lastKnownFileType = sourcecode.c.objc; path = ViewController.m; sourceTree = "<group>"; };
		D4FBC6E728595D1D00871295 /* Base */ = {isa = PBXFileReference; lastKnownFileType = file.storyboard; name = Base; path = Base.lproj/Main.storyboard; sourceTree = "<group>"; };
		D4FBC6E928595D1E00871295 /* Assets.xcassets */ = {isa = PBXFileReference; lastKnownFileType = folder.assetcatalog; path = Assets.xcassets; sourceTree = "<group>"; };
		D4FBC6EC28595D1E00871295 /* Base */ = {isa = PBXFileReference; lastKnownFileType = file.storyboard; name = Base; path = Base.lproj/LaunchScreen.storyboard; sourceTree = "<group>"; };
		D4FBC6EE28595D1E00871295 /* Info.plist */ = {isa = PBXFileReference; lastKnownFileType = text.plist.xml; path = Info.plist; sourceTree = "<group>"; };
		D4FBC6EF28595D1E00871295 /* main.m */ = {isa = PBXFileReference; lastKnownFileType = sourcecode.c.objc; path = main.m; sourceTree = "<group>"; };
		D4FBC6F528595D1F00871295 /* hello-worldTests.xctest */ = {isa = PBXFileReference; explicitFileType = wrapper.cfbundle; includeInIndex = 0; path = "hello-worldTests.xctest"; sourceTree = BUILT_PRODUCTS_DIR; };
		D4FBC6F928595D1F00871295 /* hello_worldTests.m */ = {isa = PBXFileReference; lastKnownFileType = sourcecode.c.objc; path = hello_worldTests.m; sourceTree = "<group>"; };
		D4FBC6FF28595D1F00871295 /* hello-worldUITests.xctest */ = {isa = PBXFileReference; explicitFileType = wrapper.cfbundle; includeInIndex = 0; path = "hello-worldUITests.xctest"; sourceTree = BUILT_PRODUCTS_DIR; };
		D4FBC70328595D1F00871295 /* hello_worldUITests.m */ = {isa = PBXFileReference; lastKnownFileType = sourcecode.c.objc; path = hello_worldUITests.m; sourceTree = "<group>"; };
		D4FBC70528595D1F00871295 /* hello_worldUITestsLaunchTests.m */ = {isa = PBXFileReference; lastKnownFileType = sourcecode.c.objc; path = hello_worldUITestsLaunchTests.m; sourceTree = "<group>"; };
/* End PBXFileReference section */

/* Begin PBXFrameworksBuildPhase section */
		D4FBC6D728595D1D00871295 /* Frameworks */ = {
			isa = PBXFrameworksBuildPhase;
			buildActionMask = 2147483647;
			files = (
			);
			runOnlyForDeploymentPostprocessing = 0;
		};
		D4FBC6F228595D1F00871295 /* Frameworks */ = {
			isa = PBXFrameworksBuildPhase;
			buildActionMask = 2147483647;
			files = (
			);
			runOnlyForDeploymentPostprocessing = 0;
		};
		D4FBC6FC28595D1F00871295 /* Frameworks */ = {
			isa = PBXFrameworksBuildPhase;
			buildActionMask = 2147483647;
			files = (
			);
			runOnlyForDeploymentPostprocessing = 0;
		};
/* End PBXFrameworksBuildPhase section */

/* Begin PBXGroup section */
		D4FBC6D128595D1D00871295 = {
			isa = PBXGroup;
			children = (
				D4FBC6DC28595D1D00871295 /* hello-world */,
				D4FBC6F828595D1F00871295 /* hello-worldTests */,
				D4FBC70228595D1F00871295 /* hello-worldUITests */,
				D4FBC6DB28595D1D00871295 /* Products */,
			);
			sourceTree = "<group>";
		};
		D4FBC6DB28595D1D00871295 /* Products */ = {
			isa = PBXGroup;
			children = (
				D4FBC6DA28595D1D00871295 /* hello-world.app */,
				D4FBC6F528595D1F00871295 /* hello-worldTests.xctest */,
				D4FBC6FF28595D1F00871295 /* hello-worldUITests.xctest */,
			);
			name = Products;
			sourceTree = "<group>";
		};
		D4FBC6DC28595D1D00871295 /* hello-world */ = {
			isa = PBXGroup;
			children = (
				D4FBC6DD28595D1D00871295 /* AppDelegate.h */,
				D4FBC6DE28595D1D00871295 /* AppDelegate.m */,
				D4FBC6E028595D1D00871295 /* SceneDelegate.h */,
				D4FBC6E128595D1D00871295 /* SceneDelegate.m */,
				D4FBC6E328595D1D00871295 /* ViewController.h */,
				D4FBC6E428595D1D00871295 /* ViewController.m */,
				D4FBC6E628595D1D00871295 /* Main.storyboard */,
				D4FBC6E928595D1E00871295 /* Assets.xcassets */,
				D4FBC6EB28595D1E00871295 /* LaunchScreen.storyboard */,
				D4FBC6EE28595D1E00871295 /* Info.plist */,
				D4FBC6EF28595D1E00871295 /* main.m */,
			);
			path = "hello-world";
			sourceTree = "<group>";
		};
		D4FBC6F828595D1F00871295 /* hello-worldTests */ = {
			isa = PBXGroup;
			children = (
				D4FBC6F928595D1F00871295 /* hello_worldTests.m */,
			);
			path = "hello-worldTests";
			sourceTree = "<group>";
		};
		D4FBC70228595D1F00871295 /* hello-worldUITests */ = {
			isa = PBXGroup;
			children = (
				D4FBC70328595D1F00871295 /* hello_worldUITests.m */,
				D4FBC70528595D1F00871295 /* hello_worldUITestsLaunchTests.m */,
			);
			path = "hello-worldUITests";
			sourceTree = "<group>";
		};
/* End PBXGroup section */

/* Begin PBXNativeTarget section */
		D4FBC6D928595D1D00871295 /* hello-world */ = {
			isa = PBXNativeTarget;
			buildConfigurationList = D4FBC70928595D1F00871295 /* Build configuration list for PBXNativeTarget "hello-world" */;
			buildPhases = (
				D4FBC6D628595D1D00871295 /* Sources */,
				D4FBC6D728595D1D00871295 /* Frameworks */,
				D4FBC6D828595D1D00871295 /* Resources */,
			);
			buildRules = (
			);
			dependencies = (
			);
			name = "hello-world";
			productName = "hello-world";
			productReference = D4FBC6DA28595D1D00871295 /* hello-world.app */;
			productType = "com.apple.product-type.application";
		};
		D4FBC6F428595D1F00871295 /* hello-worldTests */ = {
			isa = PBXNativeTarget;
			buildConfigurationList = D4FBC70C28595D1F00871295 /* Build configuration list for PBXNativeTarget "hello-worldTests" */;
			buildPhases = (
				D4FBC6F128595D1F00871295 /* Sources */,
				D4FBC6F228595D1F00871295 /* Frameworks */,
				D4FBC6F328595D1F00871295 /* Resources */,
			);
			buildRules = (
			);
			dependencies = (
				D4FBC6F728595D1F00871295 /* PBXTargetDependency */,
			);
			name = "hello-worldTests";
			productName = "hello-worldTests";
			productReference = D4FBC6F528595D1F00871295 /* hello-worldTests.xctest */;
			productType = "com.apple.product-type.bundle.unit-test";
		};
		D4FBC6FE28595D1F00871295 /* hello-worldUITests */ = {
			isa = PBXNativeTarget;
			buildConfigurationList = D4FBC70F28595D1F00871295 /* Build configuration list for PBXNativeTarget "hello-worldUITests" */;
			buildPhases = (
				D4FBC6FB28595D1F00871295 /* Sources */,
				D4FBC6FC28595D1F00871295 /* Frameworks */,
				D4FBC6FD28595D1F00871295 /* Resources */,
			);
			buildRules = (
			);
			dependencies = (
				D4FBC70128595D1F00871295 /* PBXTargetDependency */,
			);
			name = "hello-worldUITests";
			productName = "hello-worldUITests";
			productReference = D4FBC6FF28595D1F00871295 /* hello-worldUITests.xctest */;
			productType = "com.apple.product-type.bundle.ui-testing";
		};
/* End PBXNativeTarget section */

/* Begin PBXProject section */
		D4FBC6D228595D1D00871295 /* Project object */ = {
			isa = PBXProject;
			attributes = {
				BuildIndependentTargetsInParallel = 1;
				LastUpgradeCheck = 1340;
				TargetAttributes = {
					D4FBC6D928595D1D00871295 = {
						CreatedOnToolsVersion = 13.4;
					};
					D4FBC6F428595D1F00871295 = {
						CreatedOnToolsVersion = 13.4;
						TestTargetID = D4FBC6D928595D1D00871295;
					};
					D4FBC6FE28595D1F00871295 = {
						CreatedOnToolsVersion = 13.4;
						TestTargetID = D4FBC6D928595D1D00871295;
					};
				};
			};
			buildConfigurationList = D4FBC6D528595D1D00871295 /* Build configuration list for PBXProject "hello-world" */;
			compatibilityVersion = "Xcode 13.0";
			developmentRegion = en;
			hasScannedForEncodings = 0;
			knownRegions = (
				en,
				Base,
			);
			mainGroup = D4FBC6D128595D1D00871295;
			productRefGroup = D4FBC6DB28595D1D00871295 /* Products */;
			projectDirPath = "";
			projectRoot = "";
			targets = (
				D4FBC6D928595D1D00871295 /* hello-world */,
				D4FBC6F428595D1F00871295 /* hello-worldTests */,
				D4FBC6FE28595D1F00871295 /* hello-worldUITests */,
			);
		};
/* End PBXProject section */

/* Begin PBXResourcesBuildPhase section */
		D4FBC6D828595D1D00871295 /* Resources */ = {
			isa = PBXResourcesBuildPhase;
			buildActionMask = 2147483647;
			files = (
				D4FBC6ED28595D1E00871295 /* LaunchScreen.storyboard in Resources */,
				D4FBC6EA28595D1E00871295 /* Assets.xcassets in Resources */,
				D4FBC6E828595D1D00871295 /* Main.storyboard in Resources */,
			);
			runOnlyForDeploymentPostprocessing = 0;
		};
		D4FBC6F328595D1F00871295 /* Resources */ = {
			isa = PBXResourcesBuildPhase;
			buildActionMask = 2147483647;
			files = (
			);
			runOnlyForDeploymentPostprocessing = 0;
		};
		D4FBC6FD28595D1F00871295 /* Resources */ = {
			isa = PBXResourcesBuildPhase;
			buildActionMask = 2147483647;
			files = (
			);
			runOnlyForDeploymentPostprocessing = 0;
		};
/* End PBXResourcesBuildPhase section */

/* Begin PBXSourcesBuildPhase section */
		D4FBC6D628595D1D00871295 /* Sources */ = {
			isa = PBXSourcesBuildPhase;
			buildActionMask = 2147483647;
			files = (
				D4FBC6E528595D1D00871295 /* ViewController.m in Sources */,
				D4FBC6DF28595D1D00871295 /* AppDelegate.m in Sources */,
				D4FBC6F028595D1E00871295 /* main.m in Sources */,
				D4FBC6E228595D1D00871295 /* SceneDelegate.m in Sources */,
			);
			runOnlyForDeploymentPostprocessing = 0;
		};
		D4FBC6F128595D1F00871295 /* Sources */ = {
			isa = PBXSourcesBuildPhase;
			buildActionMask = 2147483647;
			files = (
				D4FBC6FA28595D1F00871295 /* hello_worldTests.m in Sources */,
			);
			runOnlyForDeploymentPostprocessing = 0;
		};
		D4FBC6FB28595D1F00871295 /* Sources */ = {
			isa = PBXSourcesBuildPhase;
			buildActionMask = 2147483647;
			files = (
				D4FBC70628595D1F00871295 /* hello_worldUITestsLaunchTests.m in Sources */,
				D4FBC70428595D1F00871295 /* hello_worldUITests.m in Sources */,
			);
			runOnlyForDeploymentPostprocessing = 0;
		};
/* End PBXSourcesBuildPhase section */

/* Begin PBXTargetDependency section */
		D4FBC6F728595D1F00871295 /* PBXTargetDependency */ = {
			isa = PBXTargetDependency;
			target = D4FBC6D928595D1D00871295 /* hello-world */;
			targetProxy = D4FBC6F628595D1F00871295 /* PBXContainerItemProxy */;
		};
		D4FBC70128595D1F00871295 /* PBXTargetDependency */ = {
			isa = PBXTargetDependency;
			target = D4FBC6D928595D1D00871295 /* hello-world */;
			targetProxy = D4FBC70028595D1F00871295 /* PBXContainerItemProxy */;
		};
/* End PBXTargetDependency section */

/* Begin PBXVariantGroup section */
		D4FBC6E628595D1D00871295 /* Main.storyboard */ = {
			isa = PBXVariantGroup;
			children = (
				D4FBC6E728595D1D00871295 /* Base */,
			);
			name = Main.storyboard;
			sourceTree = "<group>";
		};
		D4FBC6EB28595D1E00871295 /* LaunchScreen.storyboard */ = {
			isa = PBXVariantGroup;
			children = (
				D4FBC6EC28595D1E00871295 /* Base */,
			);
			name = LaunchScreen.storyboard;
			sourceTree = "<group>";
		};
/* End PBXVariantGroup section */

/* Begin XCBuildConfiguration section */
		D4FBC70728595D1F00871295 /* Debug */ = {
			isa = XCBuildConfiguration;
			buildSettings = {
				ALWAYS_SEARCH_USER_PATHS = NO;
				CLANG_ANALYZER_NONNULL = YES;
				CLANG_ANALYZER_NUMBER_OBJECT_CONVERSION = YES_AGGRESSIVE;
				CLANG_CXX_LANGUAGE_STANDARD = "gnu++17";
				CLANG_ENABLE_MODULES = YES;
				CLANG_ENABLE_OBJC_ARC = YES;
				CLANG_ENABLE_OBJC_WEAK = YES;
				CLANG_WARN_BLOCK_CAPTURE_AUTORELEASING = YES;
				CLANG_WARN_BOOL_CONVERSION = YES;
				CLANG_WARN_COMMA = YES;
				CLANG_WARN_CONSTANT_CONVERSION = YES;
				CLANG_WARN_DEPRECATED_OBJC_IMPLEMENTATIONS = YES;
				CLANG_WARN_DIRECT_OBJC_ISA_USAGE = YES_ERROR;
				CLANG_WARN_DOCUMENTATION_COMMENTS = YES;
				CLANG_WARN_EMPTY_BODY = YES;
				CLANG_WARN_ENUM_CONVERSION = YES;
				CLANG_WARN_INFINITE_RECURSION = YES;
				CLANG_WARN_INT_CONVERSION = YES;
				CLANG_WARN_NON_LITERAL_NULL_CONVERSION = YES;
				CLANG_WARN_OBJC_IMPLICIT_RETAIN_SELF = YES;
				CLANG_WARN_OBJC_LITERAL_CONVERSION = YES;
				CLANG_WARN_OBJC_ROOT_CLASS = YES_ERROR;
				CLANG_WARN_QUOTED_INCLUDE_IN_FRAMEWORK_HEADER = YES;
				CLANG_WARN_RANGE_LOOP_ANALYSIS = YES;
				CLANG_WARN_STRICT_PROTOTYPES = YES;
				CLANG_WARN_SUSPICIOUS_MOVE = YES;
				CLANG_WARN_UNGUARDED_AVAILABILITY = YES_AGGRESSIVE;
				CLANG_WARN_UNREACHABLE_CODE = YES;
				CLANG_WARN__DUPLICATE_METHOD_MATCH = YES;
				COPY_PHASE_STRIP = NO;
				DEBUG_INFORMATION_FORMAT = dwarf;
				ENABLE_STRICT_OBJC_MSGSEND = YES;
				ENABLE_TESTABILITY = YES;
				GCC_C_LANGUAGE_STANDARD = gnu11;
				GCC_DYNAMIC_NO_PIC = NO;
				GCC_NO_COMMON_BLOCKS = YES;
				GCC_OPTIMIZATION_LEVEL = 0;
				GCC_PREPROCESSOR_DEFINITIONS = (
					"DEBUG=1",
					"$(inherited)",
				);
				GCC_WARN_64_TO_32_BIT_CONVERSION = YES;
				GCC_WARN_ABOUT_RETURN_TYPE = YES_ERROR;
				GCC_WARN_UNDECLARED_SELECTOR = YES;
				GCC_WARN_UNINITIALIZED_AUTOS = YES_AGGRESSIVE;
				GCC_WARN_UNUSED_FUNCTION = YES;
				GCC_WARN_UNUSED_VARIABLE = YES;
				IPHONEOS_DEPLOYMENT_TARGET = 15.5;
				MTL_ENABLE_DEBUG_INFO = INCLUDE_SOURCE;
				MTL_FAST_MATH = YES;
				ONLY_ACTIVE_ARCH = YES;
				SDKROOT = iphoneos;
			};
			name = Debug;
		};
		D4FBC70828595D1F00871295 /* Release */ = {
			isa = XCBuildConfiguration;
			buildSettings = {
				ALWAYS_SEARCH_USER_PATHS = NO;
				CLANG_ANALYZER_NONNULL = YES;
				CLANG_ANALYZER_NUMBER_OBJECT_CONVERSION = YES_AGGRESSIVE;
				CLANG_CXX_LANGUAGE_STANDARD = "gnu++17";
				CLANG_ENABLE_MODULES = YES;
				CLANG_ENABLE_OBJC_ARC = YES;
				CLANG_ENABLE_OBJC_WEAK = YES;
				CLANG_WARN_BLOCK_CAPTURE_AUTORELEASING = YES;
				CLANG_WARN_BOOL_CONVERSION = YES;
				CLANG_WARN_COMMA = YES;
				CLANG_WARN_CONSTANT_CONVERSION = YES;
				CLANG_WARN_DEPRECATED_OBJC_IMPLEMENTATIONS = YES;
				CLANG_WARN_DIRECT_OBJC_ISA_USAGE = YES_ERROR;
				CLANG_WARN_DOCUMENTATION_COMMENTS = YES;
				CLANG_WARN_EMPTY_BODY = YES;
				CLANG_WARN_ENUM_CONVERSION = YES;
				CLANG_WARN_INFINITE_RECURSION = YES;
				CLANG_WARN_INT_CONVERSION = YES;
				CLANG_WARN_NON_LITERAL_NULL_CONVERSION = YES;
				CLANG_WARN_OBJC_IMPLICIT_RETAIN_SELF = YES;
				CLANG_WARN_OBJC_LITERAL_CONVERSION = YES;
				CLANG_WARN_OBJC_ROOT_CLASS = YES_ERROR;
				CLANG_WARN_QUOTED_INCLUDE_IN_FRAMEWORK_HEADER = YES;
				CLANG_WARN_RANGE_LOOP_ANALYSIS = YES;
				CLANG_WARN_STRICT_PROTOTYPES = YES;
				CLANG_WARN_SUSPICIOUS_MOVE = YES;
				CLANG_WARN_UNGUARDED_AVAILABILITY = YES_AGGRESSIVE;
				CLANG_WARN_UNREACHABLE_CODE = YES;
				CLANG_WARN__DUPLICATE_METHOD_MATCH = YES;
				COPY_PHASE_STRIP = NO;
				DEBUG_INFORMATION_FORMAT = "dwarf-with-dsym";
				ENABLE_NS_ASSERTIONS = NO;
				ENABLE_STRICT_OBJC_MSGSEND = YES;
				GCC_C_LANGUAGE_STANDARD = gnu11;
				GCC_NO_COMMON_BLOCKS = YES;
				GCC_WARN_64_TO_32_BIT_CONVERSION = YES;
				GCC_WARN_ABOUT_RETURN_TYPE = YES_ERROR;
				GCC_WARN_UNDECLARED_SELECTOR = YES;
				GCC_WARN_UNINITIALIZED_AUTOS = YES_AGGRESSIVE;
				GCC_WARN_UNUSED_FUNCTION = YES;
				GCC_WARN_UNUSED_VARIABLE = YES;
				IPHONEOS_DEPLOYMENT_TARGET = 15.5;
				MTL_ENABLE_DEBUG_INFO = NO;
				MTL_FAST_MATH = YES;
				SDKROOT = iphoneos;
				VALIDATE_PRODUCT = YES;
			};
			name = Release;
		};
		D4FBC70A28595D1F00871295 /* Debug */ = {
			isa = XCBuildConfiguration;
			buildSettings = {
				ASSETCATALOG_COMPILER_APPICON_NAME = AppIcon;
				ASSETCATALOG_COMPILER_GLOBAL_ACCENT_COLOR_NAME = AccentColor;
				CODE_SIGN_STYLE = Automatic;
				CURRENT_PROJECT_VERSION = 1;
				GENERATE_INFOPLIST_FILE = YES;
				INFOPLIST_FILE = "hello-world/Info.plist";
				INFOPLIST_KEY_UIApplicationSupportsIndirectInputEvents = YES;
				INFOPLIST_KEY_UILaunchStoryboardName = LaunchScreen;
				INFOPLIST_KEY_UIMainStoryboardFile = Main;
				INFOPLIST_KEY_UISupportedInterfaceOrientations_iPad = "UIInterfaceOrientationPortrait UIInterfaceOrientationPortraitUpsideDown UIInterfaceOrientationLandscapeLeft UIInterfaceOrientationLandscapeRight";
				INFOPLIST_KEY_UISupportedInterfaceOrientations_iPhone = "UIInterfaceOrientationPortrait UIInterfaceOrientationLandscapeLeft UIInterfaceOrientationLandscapeRight";
				LD_RUNPATH_SEARCH_PATHS = (
					"$(inherited)",
					"@executable_path/Frameworks",
				);
				MARKETING_VERSION = 1.0;
				PRODUCT_BUNDLE_IDENTIFIER = "com.uniquename.hello-world";
				PRODUCT_NAME = "$(TARGET_NAME)";
				SWIFT_EMIT_LOC_STRINGS = YES;
				TARGETED_DEVICE_FAMILY = "1,2";
			};
			name = Debug;
		};
		D4FBC70B28595D1F00871295 /* Release */ = {
			isa = XCBuildConfiguration;
			buildSettings = {
				ASSETCATALOG_COMPILER_APPICON_NAME = AppIcon;
				ASSETCATALOG_COMPILER_GLOBAL_ACCENT_COLOR_NAME = AccentColor;
				CODE_SIGN_STYLE = Automatic;
				CURRENT_PROJECT_VERSION = 1;
				GENERATE_INFOPLIST_FILE = YES;
				INFOPLIST_FILE = "hello-world/Info.plist";
				INFOPLIST_KEY_UIApplicationSupportsIndirectInputEvents = YES;
				INFOPLIST_KEY_UILaunchStoryboardName = LaunchScreen;
				INFOPLIST_KEY_UIMainStoryboardFile = Main;
				INFOPLIST_KEY_UISupportedInterfaceOrientations_iPad = "UIInterfaceOrientationPortrait UIInterfaceOrientationPortraitUpsideDown UIInterfaceOrientationLandscapeLeft UIInterfaceOrientationLandscapeRight";
				INFOPLIST_KEY_UISupportedInterfaceOrientations_iPhone = "UIInterfaceOrientationPortrait UIInterfaceOrientationLandscapeLeft UIInterfaceOrientationLandscapeRight";
				LD_RUNPATH_SEARCH_PATHS = (
					"$(inherited)",
					"@executable_path/Frameworks",
				);
				MARKETING_VERSION = 1.0;
				PRODUCT_BUNDLE_IDENTIFIER = "com.uniquename.hello-world";
				PRODUCT_NAME = "$(TARGET_NAME)";
				SWIFT_EMIT_LOC_STRINGS = YES;
				TARGETED_DEVICE_FAMILY = "1,2";
			};
			name = Release;
		};
		D4FBC70D28595D1F00871295 /* Debug */ = {
			isa = XCBuildConfiguration;
			buildSettings = {
				BUNDLE_LOADER = "$(TEST_HOST)";
				CODE_SIGN_STYLE = Automatic;
				CURRENT_PROJECT_VERSION = 1;
				GENERATE_INFOPLIST_FILE = YES;
				IPHONEOS_DEPLOYMENT_TARGET = 15.5;
				MARKETING_VERSION = 1.0;
				PRODUCT_BUNDLE_IDENTIFIER = "com.uniquename.hello-worldTests";
				PRODUCT_NAME = "$(TARGET_NAME)";
				SWIFT_EMIT_LOC_STRINGS = NO;
				TARGETED_DEVICE_FAMILY = "1,2";
				TEST_HOST = "$(BUILT_PRODUCTS_DIR)/hello-world.app/hello-world";
			};
			name = Debug;
		};
		D4FBC70E28595D1F00871295 /* Release */ = {
			isa = XCBuildConfiguration;
			buildSettings = {
				BUNDLE_LOADER = "$(TEST_HOST)";
				CODE_SIGN_STYLE = Automatic;
				CURRENT_PROJECT_VERSION = 1;
				GENERATE_INFOPLIST_FILE = YES;
				IPHONEOS_DEPLOYMENT_TARGET = 15.5;
				MARKETING_VERSION = 1.0;
				PRODUCT_BUNDLE_IDENTIFIER = "com.uniquename.hello-worldTests";
				PRODUCT_NAME = "$(TARGET_NAME)";
				SWIFT_EMIT_LOC_STRINGS = NO;
				TARGETED_DEVICE_FAMILY = "1,2";
				TEST_HOST = "$(BUILT_PRODUCTS_DIR)/hello-world.app/hello-world";
			};
			name = Release;
		};
		D4FBC71028595D1F00871295 /* Debug */ = {
			isa = XCBuildConfiguration;
			buildSettings = {
				CODE_SIGN_STYLE = Automatic;
				CURRENT_PROJECT_VERSION = 1;
				GENERATE_INFOPLIST_FILE = YES;
				MARKETING_VERSION = 1.0;
				PRODUCT_BUNDLE_IDENTIFIER = "com.uniquename.hello-worldUITests";
				PRODUCT_NAME = "$(TARGET_NAME)";
				SWIFT_EMIT_LOC_STRINGS = NO;
				TARGETED_DEVICE_FAMILY = "1,2";
				TEST_TARGET_NAME = "hello-world";
			};
			name = Debug;
		};
		D4FBC71128595D1F00871295 /* Release */ = {
			isa = XCBuildConfiguration;
			buildSettings = {
				CODE_SIGN_STYLE = Automatic;
				CURRENT_PROJECT_VERSION = 1;
				GENERATE_INFOPLIST_FILE = YES;
				MARKETING_VERSION = 1.0;
				PRODUCT_BUNDLE_IDENTIFIER = "com.uniquename.hello-worldUITests";
				PRODUCT_NAME = "$(TARGET_NAME)";
				SWIFT_EMIT_LOC_STRINGS = NO;
				TARGETED_DEVICE_FAMILY = "1,2";
				TEST_TARGET_NAME = "hello-world";
			};
			name = Release;
		};
/* End XCBuildConfiguration section */

/* Begin XCConfigurationList section */
		D4FBC6D528595D1D00871295 /* Build configuration list for PBXProject "hello-world" */ = {
			isa = XCConfigurationList;
			buildConfigurations = (
				D4FBC70728595D1F00871295 /* Debug */,
				D4FBC70828595D1F00871295 /* Release */,
			);
			defaultConfigurationIsVisible = 0;
			defaultConfigurationName = Release;
		};
		D4FBC70928595D1F00871295 /* Build configuration list for PBXNativeTarget "hello-world" */ = {
			isa = XCConfigurationList;
			buildConfigurations = (
				D4FBC70A28595D1F00871295 /* Debug */,
				D4FBC70B28595D1F00871295 /* Release */,
			);
			defaultConfigurationIsVisible = 0;
			defaultConfigurationName = Release;
		};
		D4FBC70C28595D1F00871295 /* Build configuration list for PBXNativeTarget "hello-worldTests" */ = {
			isa = XCConfigurationList;
			buildConfigurations = (
				D4FBC70D28595D1F00871295 /* Debug */,
				D4FBC70E28595D1F00871295 /* Release */,
			);
			defaultConfigurationIsVisible = 0;
			defaultConfigurationName = Release;
		};
		D4FBC70F28595D1F00871295 /* Build configuration list for PBXNativeTarget "hello-worldUITests" */ = {
			isa = XCConfigurationList;
			buildConfigurations = (
				D4FBC71028595D1F00871295 /* Debug */,
				D4FBC71128595D1F00871295 /* Release */,
			);
			defaultConfigurationIsVisible = 0;
			defaultConfigurationName = Release;
		};
/* End XCConfigurationList section */
	};
	rootObject = D4FBC6D228595D1D00871295 /* Project object */;
}
