// !$*UTF8*$!
{
	archiveVersion = 1;
	classes = {
	};
	objectVersion = 55;
	objects = {

/* Begin PBXBuildFile section */
		0DCD3492733085E2FE4DF35F /* Pods_FlixterTests.framework in Frameworks */ = {isa = PBXBuildFile; fileRef = 0E6CE45A92C1F5A3389D532E /* Pods_FlixterTests.framework */; };
		39765FCFD4A7CA1BBB750716 /* Pods_Flixter_FlixterUITests.framework in Frameworks */ = {isa = PBXBuildFile; fileRef = 77A53B0CC17B9F5DF383B174 /* Pods_Flixter_FlixterUITests.framework */; };
		3DA82154D72ABEC515DEFA18 /* Pods_Flixter.framework in Frameworks */ = {isa = PBXBuildFile; fileRef = D5242E1D7247FC6108999972 /* Pods_Flixter.framework */; };
		D4B5BFB6285A4CBB006CEAD8 /* AppDelegate.m in Sources */ = {isa = PBXBuildFile; fileRef = D4B5BFB5285A4CBB006CEAD8 /* AppDelegate.m */; };
		D4B5BFB9285A4CBB006CEAD8 /* SceneDelegate.m in Sources */ = {isa = PBXBuildFile; fileRef = D4B5BFB8285A4CBB006CEAD8 /* SceneDelegate.m */; };
		D4B5BFBF285A4CBB006CEAD8 /* Main.storyboard in Resources */ = {isa = PBXBuildFile; fileRef = D4B5BFBD285A4CBB006CEAD8 /* Main.storyboard */; };
		D4B5BFC1285A4CBD006CEAD8 /* Assets.xcassets in Resources */ = {isa = PBXBuildFile; fileRef = D4B5BFC0285A4CBD006CEAD8 /* Assets.xcassets */; };
		D4B5BFC4285A4CBD006CEAD8 /* LaunchScreen.storyboard in Resources */ = {isa = PBXBuildFile; fileRef = D4B5BFC2285A4CBD006CEAD8 /* LaunchScreen.storyboard */; };
		D4B5BFC7285A4CBD006CEAD8 /* main.m in Sources */ = {isa = PBXBuildFile; fileRef = D4B5BFC6285A4CBD006CEAD8 /* main.m */; };
		D4B5BFD1285A4CBD006CEAD8 /* FlixterTests.m in Sources */ = {isa = PBXBuildFile; fileRef = D4B5BFD0285A4CBD006CEAD8 /* FlixterTests.m */; };
		D4B5BFDB285A4CBD006CEAD8 /* FlixterUITests.m in Sources */ = {isa = PBXBuildFile; fileRef = D4B5BFDA285A4CBD006CEAD8 /* FlixterUITests.m */; };
		D4B5BFDD285A4CBD006CEAD8 /* FlixterUITestsLaunchTests.m in Sources */ = {isa = PBXBuildFile; fileRef = D4B5BFDC285A4CBD006CEAD8 /* FlixterUITestsLaunchTests.m */; };
		D4B5BFEB285A5B7C006CEAD8 /* MovieViewController.m in Sources */ = {isa = PBXBuildFile; fileRef = D4B5BFEA285A5B7C006CEAD8 /* MovieViewController.m */; };
		D4B5BFF0285A8A9E006CEAD8 /* MovieCell.m in Sources */ = {isa = PBXBuildFile; fileRef = D4B5BFEF285A8A9E006CEAD8 /* MovieCell.m */; };
		D4B5BFF3285A9D86006CEAD8 /* DetailsViewController.m in Sources */ = {isa = PBXBuildFile; fileRef = D4B5BFF2285A9D86006CEAD8 /* DetailsViewController.m */; };
		D4E1B8A2285BEB23007D77A1 /* GridViewController.m in Sources */ = {isa = PBXBuildFile; fileRef = D4E1B8A1285BEB22007D77A1 /* GridViewController.m */; };
		D4E1B8A5285BF2E8007D77A1 /* PosterCell.m in Sources */ = {isa = PBXBuildFile; fileRef = D4E1B8A4285BF2E8007D77A1 /* PosterCell.m */; };
/* End PBXBuildFile section */

/* Begin PBXContainerItemProxy section */
		D4B5BFCD285A4CBD006CEAD8 /* PBXContainerItemProxy */ = {
			isa = PBXContainerItemProxy;
			containerPortal = D4B5BFA9285A4CBB006CEAD8 /* Project object */;
			proxyType = 1;
			remoteGlobalIDString = D4B5BFB0285A4CBB006CEAD8;
			remoteInfo = Flixter;
		};
		D4B5BFD7285A4CBD006CEAD8 /* PBXContainerItemProxy */ = {
			isa = PBXContainerItemProxy;
			containerPortal = D4B5BFA9285A4CBB006CEAD8 /* Project object */;
			proxyType = 1;
			remoteGlobalIDString = D4B5BFB0285A4CBB006CEAD8;
			remoteInfo = Flixter;
		};
/* End PBXContainerItemProxy section */

/* Begin PBXFileReference section */
		0E6CE45A92C1F5A3389D532E /* Pods_FlixterTests.framework */ = {isa = PBXFileReference; explicitFileType = wrapper.framework; includeInIndex = 0; path = Pods_FlixterTests.framework; sourceTree = BUILT_PRODUCTS_DIR; };
		1A57FA13B41F489E37B4E52A /* Pods-FlixterTests.release.xcconfig */ = {isa = PBXFileReference; includeInIndex = 1; lastKnownFileType = text.xcconfig; name = "Pods-FlixterTests.release.xcconfig"; path = "Target Support Files/Pods-FlixterTests/Pods-FlixterTests.release.xcconfig"; sourceTree = "<group>"; };
		3472A5382854C4BD3A2BEDBB /* Pods-Flixter-FlixterUITests.release.xcconfig */ = {isa = PBXFileReference; includeInIndex = 1; lastKnownFileType = text.xcconfig; name = "Pods-Flixter-FlixterUITests.release.xcconfig"; path = "Target Support Files/Pods-Flixter-FlixterUITests/Pods-Flixter-FlixterUITests.release.xcconfig"; sourceTree = "<group>"; };
		77A53B0CC17B9F5DF383B174 /* Pods_Flixter_FlixterUITests.framework */ = {isa = PBXFileReference; explicitFileType = wrapper.framework; includeInIndex = 0; path = Pods_Flixter_FlixterUITests.framework; sourceTree = BUILT_PRODUCTS_DIR; };
		982E7547EDD5EF8925C567F1 /* Pods-FlixterTests.debug.xcconfig */ = {isa = PBXFileReference; includeInIndex = 1; lastKnownFileType = text.xcconfig; name = "Pods-FlixterTests.debug.xcconfig"; path = "Target Support Files/Pods-FlixterTests/Pods-FlixterTests.debug.xcconfig"; sourceTree = "<group>"; };
		C8812B3CBC56D29A81F4A732 /* Pods-Flixter.debug.xcconfig */ = {isa = PBXFileReference; includeInIndex = 1; lastKnownFileType = text.xcconfig; name = "Pods-Flixter.debug.xcconfig"; path = "Target Support Files/Pods-Flixter/Pods-Flixter.debug.xcconfig"; sourceTree = "<group>"; };
		D4B5BFB1285A4CBB006CEAD8 /* Flixter.app */ = {isa = PBXFileReference; explicitFileType = wrapper.application; includeInIndex = 0; path = Flixter.app; sourceTree = BUILT_PRODUCTS_DIR; };
		D4B5BFB4285A4CBB006CEAD8 /* AppDelegate.h */ = {isa = PBXFileReference; lastKnownFileType = sourcecode.c.h; path = AppDelegate.h; sourceTree = "<group>"; };
		D4B5BFB5285A4CBB006CEAD8 /* AppDelegate.m */ = {isa = PBXFileReference; lastKnownFileType = sourcecode.c.objc; path = AppDelegate.m; sourceTree = "<group>"; };
		D4B5BFB7285A4CBB006CEAD8 /* SceneDelegate.h */ = {isa = PBXFileReference; lastKnownFileType = sourcecode.c.h; path = SceneDelegate.h; sourceTree = "<group>"; };
		D4B5BFB8285A4CBB006CEAD8 /* SceneDelegate.m */ = {isa = PBXFileReference; lastKnownFileType = sourcecode.c.objc; path = SceneDelegate.m; sourceTree = "<group>"; };
		D4B5BFBE285A4CBB006CEAD8 /* Base */ = {isa = PBXFileReference; lastKnownFileType = file.storyboard; name = Base; path = Base.lproj/Main.storyboard; sourceTree = "<group>"; };
		D4B5BFC0285A4CBD006CEAD8 /* Assets.xcassets */ = {isa = PBXFileReference; lastKnownFileType = folder.assetcatalog; path = Assets.xcassets; sourceTree = "<group>"; };
		D4B5BFC3285A4CBD006CEAD8 /* Base */ = {isa = PBXFileReference; lastKnownFileType = file.storyboard; name = Base; path = Base.lproj/LaunchScreen.storyboard; sourceTree = "<group>"; };
		D4B5BFC5285A4CBD006CEAD8 /* Info.plist */ = {isa = PBXFileReference; lastKnownFileType = text.plist.xml; path = Info.plist; sourceTree = "<group>"; };
		D4B5BFC6285A4CBD006CEAD8 /* main.m */ = {isa = PBXFileReference; lastKnownFileType = sourcecode.c.objc; path = main.m; sourceTree = "<group>"; };
		D4B5BFCC285A4CBD006CEAD8 /* FlixterTests.xctest */ = {isa = PBXFileReference; explicitFileType = wrapper.cfbundle; includeInIndex = 0; path = FlixterTests.xctest; sourceTree = BUILT_PRODUCTS_DIR; };
		D4B5BFD0285A4CBD006CEAD8 /* FlixterTests.m */ = {isa = PBXFileReference; lastKnownFileType = sourcecode.c.objc; path = FlixterTests.m; sourceTree = "<group>"; };
		D4B5BFD6285A4CBD006CEAD8 /* FlixterUITests.xctest */ = {isa = PBXFileReference; explicitFileType = wrapper.cfbundle; includeInIndex = 0; path = FlixterUITests.xctest; sourceTree = BUILT_PRODUCTS_DIR; };
		D4B5BFDA285A4CBD006CEAD8 /* FlixterUITests.m */ = {isa = PBXFileReference; lastKnownFileType = sourcecode.c.objc; path = FlixterUITests.m; sourceTree = "<group>"; };
		D4B5BFDC285A4CBD006CEAD8 /* FlixterUITestsLaunchTests.m */ = {isa = PBXFileReference; lastKnownFileType = sourcecode.c.objc; path = FlixterUITestsLaunchTests.m; sourceTree = "<group>"; };
		D4B5BFE9285A5B7C006CEAD8 /* MovieViewController.h */ = {isa = PBXFileReference; lastKnownFileType = sourcecode.c.h; path = MovieViewController.h; sourceTree = "<group>"; };
		D4B5BFEA285A5B7C006CEAD8 /* MovieViewController.m */ = {isa = PBXFileReference; lastKnownFileType = sourcecode.c.objc; path = MovieViewController.m; sourceTree = "<group>"; };
		D4B5BFEE285A8A9E006CEAD8 /* MovieCell.h */ = {isa = PBXFileReference; lastKnownFileType = sourcecode.c.h; path = MovieCell.h; sourceTree = "<group>"; };
		D4B5BFEF285A8A9E006CEAD8 /* MovieCell.m */ = {isa = PBXFileReference; lastKnownFileType = sourcecode.c.objc; path = MovieCell.m; sourceTree = "<group>"; };
		D4B5BFF1285A9D86006CEAD8 /* DetailsViewController.h */ = {isa = PBXFileReference; lastKnownFileType = sourcecode.c.h; path = DetailsViewController.h; sourceTree = "<group>"; };
		D4B5BFF2285A9D86006CEAD8 /* DetailsViewController.m */ = {isa = PBXFileReference; lastKnownFileType = sourcecode.c.objc; path = DetailsViewController.m; sourceTree = "<group>"; };
		D4E1B8A0285BEB22007D77A1 /* GridViewController.h */ = {isa = PBXFileReference; lastKnownFileType = sourcecode.c.h; path = GridViewController.h; sourceTree = "<group>"; };
		D4E1B8A1285BEB22007D77A1 /* GridViewController.m */ = {isa = PBXFileReference; lastKnownFileType = sourcecode.c.objc; path = GridViewController.m; sourceTree = "<group>"; };
		D4E1B8A3285BF2E8007D77A1 /* PosterCell.h */ = {isa = PBXFileReference; lastKnownFileType = sourcecode.c.h; path = PosterCell.h; sourceTree = "<group>"; };
		D4E1B8A4285BF2E8007D77A1 /* PosterCell.m */ = {isa = PBXFileReference; lastKnownFileType = sourcecode.c.objc; path = PosterCell.m; sourceTree = "<group>"; };
		D5242E1D7247FC6108999972 /* Pods_Flixter.framework */ = {isa = PBXFileReference; explicitFileType = wrapper.framework; includeInIndex = 0; path = Pods_Flixter.framework; sourceTree = BUILT_PRODUCTS_DIR; };
		D542BC11D91DBBEB21C12296 /* Pods-Flixter-FlixterUITests.debug.xcconfig */ = {isa = PBXFileReference; includeInIndex = 1; lastKnownFileType = text.xcconfig; name = "Pods-Flixter-FlixterUITests.debug.xcconfig"; path = "Target Support Files/Pods-Flixter-FlixterUITests/Pods-Flixter-FlixterUITests.debug.xcconfig"; sourceTree = "<group>"; };
		E9236FAAB9C4C6AC54CD82BB /* Pods-Flixter.release.xcconfig */ = {isa = PBXFileReference; includeInIndex = 1; lastKnownFileType = text.xcconfig; name = "Pods-Flixter.release.xcconfig"; path = "Target Support Files/Pods-Flixter/Pods-Flixter.release.xcconfig"; sourceTree = "<group>"; };
/* End PBXFileReference section */

/* Begin PBXFrameworksBuildPhase section */
		D4B5BFAE285A4CBB006CEAD8 /* Frameworks */ = {
			isa = PBXFrameworksBuildPhase;
			buildActionMask = 2147483647;
			files = (
				3DA82154D72ABEC515DEFA18 /* Pods_Flixter.framework in Frameworks */,
			);
			runOnlyForDeploymentPostprocessing = 0;
		};
		D4B5BFC9285A4CBD006CEAD8 /* Frameworks */ = {
			isa = PBXFrameworksBuildPhase;
			buildActionMask = 2147483647;
			files = (
				0DCD3492733085E2FE4DF35F /* Pods_FlixterTests.framework in Frameworks */,
			);
			runOnlyForDeploymentPostprocessing = 0;
		};
		D4B5BFD3285A4CBD006CEAD8 /* Frameworks */ = {
			isa = PBXFrameworksBuildPhase;
			buildActionMask = 2147483647;
			files = (
				39765FCFD4A7CA1BBB750716 /* Pods_Flixter_FlixterUITests.framework in Frameworks */,
			);
			runOnlyForDeploymentPostprocessing = 0;
		};
/* End PBXFrameworksBuildPhase section */

/* Begin PBXGroup section */
		20A45D3AD56C235FD786E325 /* Pods */ = {
			isa = PBXGroup;
			children = (
				C8812B3CBC56D29A81F4A732 /* Pods-Flixter.debug.xcconfig */,
				E9236FAAB9C4C6AC54CD82BB /* Pods-Flixter.release.xcconfig */,
				D542BC11D91DBBEB21C12296 /* Pods-Flixter-FlixterUITests.debug.xcconfig */,
				3472A5382854C4BD3A2BEDBB /* Pods-Flixter-FlixterUITests.release.xcconfig */,
				982E7547EDD5EF8925C567F1 /* Pods-FlixterTests.debug.xcconfig */,
				1A57FA13B41F489E37B4E52A /* Pods-FlixterTests.release.xcconfig */,
			);
			path = Pods;
			sourceTree = "<group>";
		};
		2F8E1D1998853A064CBD5E52 /* Frameworks */ = {
			isa = PBXGroup;
			children = (
				D5242E1D7247FC6108999972 /* Pods_Flixter.framework */,
				77A53B0CC17B9F5DF383B174 /* Pods_Flixter_FlixterUITests.framework */,
				0E6CE45A92C1F5A3389D532E /* Pods_FlixterTests.framework */,
			);
			name = Frameworks;
			sourceTree = "<group>";
		};
		D4B5BFA8285A4CBB006CEAD8 = {
			isa = PBXGroup;
			children = (
				D4B5BFB3285A4CBB006CEAD8 /* Flixter */,
				D4B5BFCF285A4CBD006CEAD8 /* FlixterTests */,
				D4B5BFD9285A4CBD006CEAD8 /* FlixterUITests */,
				D4B5BFB2285A4CBB006CEAD8 /* Products */,
				20A45D3AD56C235FD786E325 /* Pods */,
				2F8E1D1998853A064CBD5E52 /* Frameworks */,
			);
			sourceTree = "<group>";
		};
		D4B5BFB2285A4CBB006CEAD8 /* Products */ = {
			isa = PBXGroup;
			children = (
				D4B5BFB1285A4CBB006CEAD8 /* Flixter.app */,
				D4B5BFCC285A4CBD006CEAD8 /* FlixterTests.xctest */,
				D4B5BFD6285A4CBD006CEAD8 /* FlixterUITests.xctest */,
			);
			name = Products;
			sourceTree = "<group>";
		};
		D4B5BFB3285A4CBB006CEAD8 /* Flixter */ = {
			isa = PBXGroup;
			children = (
				D4B5BFC2285A4CBD006CEAD8 /* LaunchScreen.storyboard */,
				D4B5BFBD285A4CBB006CEAD8 /* Main.storyboard */,
				D4B5BFED285A8A2D006CEAD8 /* Views */,
				D4B5BFEC285A7282006CEAD8 /* View Controllers */,
				D4B5BFB4285A4CBB006CEAD8 /* AppDelegate.h */,
				D4B5BFB5285A4CBB006CEAD8 /* AppDelegate.m */,
				D4B5BFB7285A4CBB006CEAD8 /* SceneDelegate.h */,
				D4B5BFB8285A4CBB006CEAD8 /* SceneDelegate.m */,
				D4B5BFC0285A4CBD006CEAD8 /* Assets.xcassets */,
				D4B5BFC5285A4CBD006CEAD8 /* Info.plist */,
				D4B5BFC6285A4CBD006CEAD8 /* main.m */,
			);
			path = Flixter;
			sourceTree = "<group>";
		};
		D4B5BFCF285A4CBD006CEAD8 /* FlixterTests */ = {
			isa = PBXGroup;
			children = (
				D4B5BFD0285A4CBD006CEAD8 /* FlixterTests.m */,
			);
			path = FlixterTests;
			sourceTree = "<group>";
		};
		D4B5BFD9285A4CBD006CEAD8 /* FlixterUITests */ = {
			isa = PBXGroup;
			children = (
				D4B5BFDA285A4CBD006CEAD8 /* FlixterUITests.m */,
				D4B5BFDC285A4CBD006CEAD8 /* FlixterUITestsLaunchTests.m */,
			);
			path = FlixterUITests;
			sourceTree = "<group>";
		};
		D4B5BFEC285A7282006CEAD8 /* View Controllers */ = {
			isa = PBXGroup;
			children = (
				D4B5BFE9285A5B7C006CEAD8 /* MovieViewController.h */,
				D4B5BFEA285A5B7C006CEAD8 /* MovieViewController.m */,
				D4B5BFF1285A9D86006CEAD8 /* DetailsViewController.h */,
				D4B5BFF2285A9D86006CEAD8 /* DetailsViewController.m */,
				D4E1B8A0285BEB22007D77A1 /* GridViewController.h */,
				D4E1B8A1285BEB22007D77A1 /* GridViewController.m */,
			);
			path = "View Controllers";
			sourceTree = "<group>";
		};
		D4B5BFED285A8A2D006CEAD8 /* Views */ = {
			isa = PBXGroup;
			children = (
				D4B5BFEE285A8A9E006CEAD8 /* MovieCell.h */,
				D4B5BFEF285A8A9E006CEAD8 /* MovieCell.m */,
				D4E1B8A3285BF2E8007D77A1 /* PosterCell.h */,
				D4E1B8A4285BF2E8007D77A1 /* PosterCell.m */,
			);
			path = Views;
			sourceTree = "<group>";
		};
/* End PBXGroup section */

/* Begin PBXNativeTarget section */
		D4B5BFB0285A4CBB006CEAD8 /* Flixter */ = {
			isa = PBXNativeTarget;
			buildConfigurationList = D4B5BFE0285A4CBD006CEAD8 /* Build configuration list for PBXNativeTarget "Flixter" */;
			buildPhases = (
				3D960E3B536CB82D78B636C7 /* [CP] Check Pods Manifest.lock */,
				D4B5BFAD285A4CBB006CEAD8 /* Sources */,
				D4B5BFAE285A4CBB006CEAD8 /* Frameworks */,
				D4B5BFAF285A4CBB006CEAD8 /* Resources */,
				EF74EBB6E11C74752D791DED /* [CP] Embed Pods Frameworks */,
			);
			buildRules = (
			);
			dependencies = (
			);
			name = Flixter;
			productName = Flixter;
			productReference = D4B5BFB1285A4CBB006CEAD8 /* Flixter.app */;
			productType = "com.apple.product-type.application";
		};
		D4B5BFCB285A4CBD006CEAD8 /* FlixterTests */ = {
			isa = PBXNativeTarget;
			buildConfigurationList = D4B5BFE3285A4CBD006CEAD8 /* Build configuration list for PBXNativeTarget "FlixterTests" */;
			buildPhases = (
				A6D0B9EA8FA95A267AF78C6E /* [CP] Check Pods Manifest.lock */,
				D4B5BFC8285A4CBD006CEAD8 /* Sources */,
				D4B5BFC9285A4CBD006CEAD8 /* Frameworks */,
				D4B5BFCA285A4CBD006CEAD8 /* Resources */,
			);
			buildRules = (
			);
			dependencies = (
				D4B5BFCE285A4CBD006CEAD8 /* PBXTargetDependency */,
			);
			name = FlixterTests;
			productName = FlixterTests;
			productReference = D4B5BFCC285A4CBD006CEAD8 /* FlixterTests.xctest */;
			productType = "com.apple.product-type.bundle.unit-test";
		};
		D4B5BFD5285A4CBD006CEAD8 /* FlixterUITests */ = {
			isa = PBXNativeTarget;
			buildConfigurationList = D4B5BFE6285A4CBD006CEAD8 /* Build configuration list for PBXNativeTarget "FlixterUITests" */;
			buildPhases = (
				29298F816DC6852AA76D3A2E /* [CP] Check Pods Manifest.lock */,
				D4B5BFD2285A4CBD006CEAD8 /* Sources */,
				D4B5BFD3285A4CBD006CEAD8 /* Frameworks */,
				D4B5BFD4285A4CBD006CEAD8 /* Resources */,
				607A59029D9C260EAAF17D59 /* [CP] Embed Pods Frameworks */,
			);
			buildRules = (
			);
			dependencies = (
				D4B5BFD8285A4CBD006CEAD8 /* PBXTargetDependency */,
			);
			name = FlixterUITests;
			productName = FlixterUITests;
			productReference = D4B5BFD6285A4CBD006CEAD8 /* FlixterUITests.xctest */;
			productType = "com.apple.product-type.bundle.ui-testing";
		};
/* End PBXNativeTarget section */

/* Begin PBXProject section */
		D4B5BFA9285A4CBB006CEAD8 /* Project object */ = {
			isa = PBXProject;
			attributes = {
				BuildIndependentTargetsInParallel = 1;
				LastUpgradeCheck = 1340;
				TargetAttributes = {
					D4B5BFB0285A4CBB006CEAD8 = {
						CreatedOnToolsVersion = 13.4;
					};
					D4B5BFCB285A4CBD006CEAD8 = {
						CreatedOnToolsVersion = 13.4;
						TestTargetID = D4B5BFB0285A4CBB006CEAD8;
					};
					D4B5BFD5285A4CBD006CEAD8 = {
						CreatedOnToolsVersion = 13.4;
						TestTargetID = D4B5BFB0285A4CBB006CEAD8;
					};
				};
			};
			buildConfigurationList = D4B5BFAC285A4CBB006CEAD8 /* Build configuration list for PBXProject "Flixter" */;
			compatibilityVersion = "Xcode 13.0";
			developmentRegion = en;
			hasScannedForEncodings = 0;
			knownRegions = (
				en,
				Base,
			);
			mainGroup = D4B5BFA8285A4CBB006CEAD8;
			productRefGroup = D4B5BFB2285A4CBB006CEAD8 /* Products */;
			projectDirPath = "";
			projectRoot = "";
			targets = (
				D4B5BFB0285A4CBB006CEAD8 /* Flixter */,
				D4B5BFCB285A4CBD006CEAD8 /* FlixterTests */,
				D4B5BFD5285A4CBD006CEAD8 /* FlixterUITests */,
			);
		};
/* End PBXProject section */

/* Begin PBXResourcesBuildPhase section */
		D4B5BFAF285A4CBB006CEAD8 /* Resources */ = {
			isa = PBXResourcesBuildPhase;
			buildActionMask = 2147483647;
			files = (
				D4B5BFC4285A4CBD006CEAD8 /* LaunchScreen.storyboard in Resources */,
				D4B5BFC1285A4CBD006CEAD8 /* Assets.xcassets in Resources */,
				D4B5BFBF285A4CBB006CEAD8 /* Main.storyboard in Resources */,
			);
			runOnlyForDeploymentPostprocessing = 0;
		};
		D4B5BFCA285A4CBD006CEAD8 /* Resources */ = {
			isa = PBXResourcesBuildPhase;
			buildActionMask = 2147483647;
			files = (
			);
			runOnlyForDeploymentPostprocessing = 0;
		};
		D4B5BFD4285A4CBD006CEAD8 /* Resources */ = {
			isa = PBXResourcesBuildPhase;
			buildActionMask = 2147483647;
			files = (
			);
			runOnlyForDeploymentPostprocessing = 0;
		};
/* End PBXResourcesBuildPhase section */

/* Begin PBXShellScriptBuildPhase section */
		29298F816DC6852AA76D3A2E /* [CP] Check Pods Manifest.lock */ = {
			isa = PBXShellScriptBuildPhase;
			buildActionMask = 2147483647;
			files = (
			);
			inputFileListPaths = (
			);
			inputPaths = (
				"${PODS_PODFILE_DIR_PATH}/Podfile.lock",
				"${PODS_ROOT}/Manifest.lock",
			);
			name = "[CP] Check Pods Manifest.lock";
			outputFileListPaths = (
			);
			outputPaths = (
				"$(DERIVED_FILE_DIR)/Pods-Flixter-FlixterUITests-checkManifestLockResult.txt",
			);
			runOnlyForDeploymentPostprocessing = 0;
			shellPath = /bin/sh;
			shellScript = "diff \"${PODS_PODFILE_DIR_PATH}/Podfile.lock\" \"${PODS_ROOT}/Manifest.lock\" > /dev/null\nif [ $? != 0 ] ; then\n    # print error to STDERR\n    echo \"error: The sandbox is not in sync with the Podfile.lock. Run 'pod install' or update your CocoaPods installation.\" >&2\n    exit 1\nfi\n# This output is used by Xcode 'outputs' to avoid re-running this script phase.\necho \"SUCCESS\" > \"${SCRIPT_OUTPUT_FILE_0}\"\n";
			showEnvVarsInLog = 0;
		};
		3D960E3B536CB82D78B636C7 /* [CP] Check Pods Manifest.lock */ = {
			isa = PBXShellScriptBuildPhase;
			buildActionMask = 2147483647;
			files = (
			);
			inputFileListPaths = (
			);
			inputPaths = (
				"${PODS_PODFILE_DIR_PATH}/Podfile.lock",
				"${PODS_ROOT}/Manifest.lock",
			);
			name = "[CP] Check Pods Manifest.lock";
			outputFileListPaths = (
			);
			outputPaths = (
				"$(DERIVED_FILE_DIR)/Pods-Flixter-checkManifestLockResult.txt",
			);
			runOnlyForDeploymentPostprocessing = 0;
			shellPath = /bin/sh;
			shellScript = "diff \"${PODS_PODFILE_DIR_PATH}/Podfile.lock\" \"${PODS_ROOT}/Manifest.lock\" > /dev/null\nif [ $? != 0 ] ; then\n    # print error to STDERR\n    echo \"error: The sandbox is not in sync with the Podfile.lock. Run 'pod install' or update your CocoaPods installation.\" >&2\n    exit 1\nfi\n# This output is used by Xcode 'outputs' to avoid re-running this script phase.\necho \"SUCCESS\" > \"${SCRIPT_OUTPUT_FILE_0}\"\n";
			showEnvVarsInLog = 0;
		};
		607A59029D9C260EAAF17D59 /* [CP] Embed Pods Frameworks */ = {
			isa = PBXShellScriptBuildPhase;
			buildActionMask = 2147483647;
			files = (
			);
			inputFileListPaths = (
				"${PODS_ROOT}/Target Support Files/Pods-Flixter-FlixterUITests/Pods-Flixter-FlixterUITests-frameworks-${CONFIGURATION}-input-files.xcfilelist",
			);
			name = "[CP] Embed Pods Frameworks";
			outputFileListPaths = (
				"${PODS_ROOT}/Target Support Files/Pods-Flixter-FlixterUITests/Pods-Flixter-FlixterUITests-frameworks-${CONFIGURATION}-output-files.xcfilelist",
			);
			runOnlyForDeploymentPostprocessing = 0;
			shellPath = /bin/sh;
			shellScript = "\"${PODS_ROOT}/Target Support Files/Pods-Flixter-FlixterUITests/Pods-Flixter-FlixterUITests-frameworks.sh\"\n";
			showEnvVarsInLog = 0;
		};
		A6D0B9EA8FA95A267AF78C6E /* [CP] Check Pods Manifest.lock */ = {
			isa = PBXShellScriptBuildPhase;
			buildActionMask = 2147483647;
			files = (
			);
			inputFileListPaths = (
			);
			inputPaths = (
				"${PODS_PODFILE_DIR_PATH}/Podfile.lock",
				"${PODS_ROOT}/Manifest.lock",
			);
			name = "[CP] Check Pods Manifest.lock";
			outputFileListPaths = (
			);
			outputPaths = (
				"$(DERIVED_FILE_DIR)/Pods-FlixterTests-checkManifestLockResult.txt",
			);
			runOnlyForDeploymentPostprocessing = 0;
			shellPath = /bin/sh;
			shellScript = "diff \"${PODS_PODFILE_DIR_PATH}/Podfile.lock\" \"${PODS_ROOT}/Manifest.lock\" > /dev/null\nif [ $? != 0 ] ; then\n    # print error to STDERR\n    echo \"error: The sandbox is not in sync with the Podfile.lock. Run 'pod install' or update your CocoaPods installation.\" >&2\n    exit 1\nfi\n# This output is used by Xcode 'outputs' to avoid re-running this script phase.\necho \"SUCCESS\" > \"${SCRIPT_OUTPUT_FILE_0}\"\n";
			showEnvVarsInLog = 0;
		};
		EF74EBB6E11C74752D791DED /* [CP] Embed Pods Frameworks */ = {
			isa = PBXShellScriptBuildPhase;
			buildActionMask = 2147483647;
			files = (
			);
			inputFileListPaths = (
				"${PODS_ROOT}/Target Support Files/Pods-Flixter/Pods-Flixter-frameworks-${CONFIGURATION}-input-files.xcfilelist",
			);
			name = "[CP] Embed Pods Frameworks";
			outputFileListPaths = (
				"${PODS_ROOT}/Target Support Files/Pods-Flixter/Pods-Flixter-frameworks-${CONFIGURATION}-output-files.xcfilelist",
			);
			runOnlyForDeploymentPostprocessing = 0;
			shellPath = /bin/sh;
			shellScript = "\"${PODS_ROOT}/Target Support Files/Pods-Flixter/Pods-Flixter-frameworks.sh\"\n";
			showEnvVarsInLog = 0;
		};
/* End PBXShellScriptBuildPhase section */

/* Begin PBXSourcesBuildPhase section */
		D4B5BFAD285A4CBB006CEAD8 /* Sources */ = {
			isa = PBXSourcesBuildPhase;
			buildActionMask = 2147483647;
			files = (
				D4B5BFB6285A4CBB006CEAD8 /* AppDelegate.m in Sources */,
				D4B5BFF0285A8A9E006CEAD8 /* MovieCell.m in Sources */,
				D4B5BFC7285A4CBD006CEAD8 /* main.m in Sources */,
				D4E1B8A2285BEB23007D77A1 /* GridViewController.m in Sources */,
				D4E1B8A5285BF2E8007D77A1 /* PosterCell.m in Sources */,
				D4B5BFF3285A9D86006CEAD8 /* DetailsViewController.m in Sources */,
				D4B5BFB9285A4CBB006CEAD8 /* SceneDelegate.m in Sources */,
				D4B5BFEB285A5B7C006CEAD8 /* MovieViewController.m in Sources */,
			);
			runOnlyForDeploymentPostprocessing = 0;
		};
		D4B5BFC8285A4CBD006CEAD8 /* Sources */ = {
			isa = PBXSourcesBuildPhase;
			buildActionMask = 2147483647;
			files = (
				D4B5BFD1285A4CBD006CEAD8 /* FlixterTests.m in Sources */,
			);
			runOnlyForDeploymentPostprocessing = 0;
		};
		D4B5BFD2285A4CBD006CEAD8 /* Sources */ = {
			isa = PBXSourcesBuildPhase;
			buildActionMask = 2147483647;
			files = (
				D4B5BFDB285A4CBD006CEAD8 /* FlixterUITests.m in Sources */,
				D4B5BFDD285A4CBD006CEAD8 /* FlixterUITestsLaunchTests.m in Sources */,
			);
			runOnlyForDeploymentPostprocessing = 0;
		};
/* End PBXSourcesBuildPhase section */

/* Begin PBXTargetDependency section */
		D4B5BFCE285A4CBD006CEAD8 /* PBXTargetDependency */ = {
			isa = PBXTargetDependency;
			target = D4B5BFB0285A4CBB006CEAD8 /* Flixter */;
			targetProxy = D4B5BFCD285A4CBD006CEAD8 /* PBXContainerItemProxy */;
		};
		D4B5BFD8285A4CBD006CEAD8 /* PBXTargetDependency */ = {
			isa = PBXTargetDependency;
			target = D4B5BFB0285A4CBB006CEAD8 /* Flixter */;
			targetProxy = D4B5BFD7285A4CBD006CEAD8 /* PBXContainerItemProxy */;
		};
/* End PBXTargetDependency section */

/* Begin PBXVariantGroup section */
		D4B5BFBD285A4CBB006CEAD8 /* Main.storyboard */ = {
			isa = PBXVariantGroup;
			children = (
				D4B5BFBE285A4CBB006CEAD8 /* Base */,
			);
			name = Main.storyboard;
			sourceTree = "<group>";
		};
		D4B5BFC2285A4CBD006CEAD8 /* LaunchScreen.storyboard */ = {
			isa = PBXVariantGroup;
			children = (
				D4B5BFC3285A4CBD006CEAD8 /* Base */,
			);
			name = LaunchScreen.storyboard;
			sourceTree = "<group>";
		};
/* End PBXVariantGroup section */

/* Begin XCBuildConfiguration section */
		D4B5BFDE285A4CBD006CEAD8 /* Debug */ = {
			isa = XCBuildConfiguration;
			buildSettings = {
				ALWAYS_SEARCH_USER_PATHS = NO;
				CLANG_ANALYZER_NONNULL = YES;
				CLANG_ANALYZER_NUMBER_OBJECT_CONVERSION = YES_AGGRESSIVE;
				CLANG_CXX_LANGUAGE_STANDARD = "gnu++17";
				CLANG_ENABLE_MODULES = YES;
				CLANG_ENABLE_OBJC_ARC = YES;
				CLANG_ENABLE_OBJC_WEAK = YES;
				CLANG_WARN_BLOCK_CAPTURE_AUTORELEASING = YES;
				CLANG_WARN_BOOL_CONVERSION = YES;
				CLANG_WARN_COMMA = YES;
				CLANG_WARN_CONSTANT_CONVERSION = YES;
				CLANG_WARN_DEPRECATED_OBJC_IMPLEMENTATIONS = YES;
				CLANG_WARN_DIRECT_OBJC_ISA_USAGE = YES_ERROR;
				CLANG_WARN_DOCUMENTATION_COMMENTS = YES;
				CLANG_WARN_EMPTY_BODY = YES;
				CLANG_WARN_ENUM_CONVERSION = YES;
				CLANG_WARN_INFINITE_RECURSION = YES;
				CLANG_WARN_INT_CONVERSION = YES;
				CLANG_WARN_NON_LITERAL_NULL_CONVERSION = YES;
				CLANG_WARN_OBJC_IMPLICIT_RETAIN_SELF = YES;
				CLANG_WARN_OBJC_LITERAL_CONVERSION = YES;
				CLANG_WARN_OBJC_ROOT_CLASS = YES_ERROR;
				CLANG_WARN_QUOTED_INCLUDE_IN_FRAMEWORK_HEADER = YES;
				CLANG_WARN_RANGE_LOOP_ANALYSIS = YES;
				CLANG_WARN_STRICT_PROTOTYPES = YES;
				CLANG_WARN_SUSPICIOUS_MOVE = YES;
				CLANG_WARN_UNGUARDED_AVAILABILITY = YES_AGGRESSIVE;
				CLANG_WARN_UNREACHABLE_CODE = YES;
				CLANG_WARN__DUPLICATE_METHOD_MATCH = YES;
				COPY_PHASE_STRIP = NO;
				DEBUG_INFORMATION_FORMAT = dwarf;
				ENABLE_STRICT_OBJC_MSGSEND = YES;
				ENABLE_TESTABILITY = YES;
				GCC_C_LANGUAGE_STANDARD = gnu11;
				GCC_DYNAMIC_NO_PIC = NO;
				GCC_NO_COMMON_BLOCKS = YES;
				GCC_OPTIMIZATION_LEVEL = 0;
				GCC_PREPROCESSOR_DEFINITIONS = (
					"DEBUG=1",
					"$(inherited)",
				);
				GCC_WARN_64_TO_32_BIT_CONVERSION = YES;
				GCC_WARN_ABOUT_RETURN_TYPE = YES_ERROR;
				GCC_WARN_UNDECLARED_SELECTOR = YES;
				GCC_WARN_UNINITIALIZED_AUTOS = YES_AGGRESSIVE;
				GCC_WARN_UNUSED_FUNCTION = YES;
				GCC_WARN_UNUSED_VARIABLE = YES;
				IPHONEOS_DEPLOYMENT_TARGET = 15.5;
				MTL_ENABLE_DEBUG_INFO = INCLUDE_SOURCE;
				MTL_FAST_MATH = YES;
				ONLY_ACTIVE_ARCH = YES;
				SDKROOT = iphoneos;
			};
			name = Debug;
		};
		D4B5BFDF285A4CBD006CEAD8 /* Release */ = {
			isa = XCBuildConfiguration;
			buildSettings = {
				ALWAYS_SEARCH_USER_PATHS = NO;
				CLANG_ANALYZER_NONNULL = YES;
				CLANG_ANALYZER_NUMBER_OBJECT_CONVERSION = YES_AGGRESSIVE;
				CLANG_CXX_LANGUAGE_STANDARD = "gnu++17";
				CLANG_ENABLE_MODULES = YES;
				CLANG_ENABLE_OBJC_ARC = YES;
				CLANG_ENABLE_OBJC_WEAK = YES;
				CLANG_WARN_BLOCK_CAPTURE_AUTORELEASING = YES;
				CLANG_WARN_BOOL_CONVERSION = YES;
				CLANG_WARN_COMMA = YES;
				CLANG_WARN_CONSTANT_CONVERSION = YES;
				CLANG_WARN_DEPRECATED_OBJC_IMPLEMENTATIONS = YES;
				CLANG_WARN_DIRECT_OBJC_ISA_USAGE = YES_ERROR;
				CLANG_WARN_DOCUMENTATION_COMMENTS = YES;
				CLANG_WARN_EMPTY_BODY = YES;
				CLANG_WARN_ENUM_CONVERSION = YES;
				CLANG_WARN_INFINITE_RECURSION = YES;
				CLANG_WARN_INT_CONVERSION = YES;
				CLANG_WARN_NON_LITERAL_NULL_CONVERSION = YES;
				CLANG_WARN_OBJC_IMPLICIT_RETAIN_SELF = YES;
				CLANG_WARN_OBJC_LITERAL_CONVERSION = YES;
				CLANG_WARN_OBJC_ROOT_CLASS = YES_ERROR;
				CLANG_WARN_QUOTED_INCLUDE_IN_FRAMEWORK_HEADER = YES;
				CLANG_WARN_RANGE_LOOP_ANALYSIS = YES;
				CLANG_WARN_STRICT_PROTOTYPES = YES;
				CLANG_WARN_SUSPICIOUS_MOVE = YES;
				CLANG_WARN_UNGUARDED_AVAILABILITY = YES_AGGRESSIVE;
				CLANG_WARN_UNREACHABLE_CODE = YES;
				CLANG_WARN__DUPLICATE_METHOD_MATCH = YES;
				COPY_PHASE_STRIP = NO;
				DEBUG_INFORMATION_FORMAT = "dwarf-with-dsym";
				ENABLE_NS_ASSERTIONS = NO;
				ENABLE_STRICT_OBJC_MSGSEND = YES;
				GCC_C_LANGUAGE_STANDARD = gnu11;
				GCC_NO_COMMON_BLOCKS = YES;
				GCC_WARN_64_TO_32_BIT_CONVERSION = YES;
				GCC_WARN_ABOUT_RETURN_TYPE = YES_ERROR;
				GCC_WARN_UNDECLARED_SELECTOR = YES;
				GCC_WARN_UNINITIALIZED_AUTOS = YES_AGGRESSIVE;
				GCC_WARN_UNUSED_FUNCTION = YES;
				GCC_WARN_UNUSED_VARIABLE = YES;
				IPHONEOS_DEPLOYMENT_TARGET = 15.5;
				MTL_ENABLE_DEBUG_INFO = NO;
				MTL_FAST_MATH = YES;
				SDKROOT = iphoneos;
				VALIDATE_PRODUCT = YES;
			};
			name = Release;
		};
		D4B5BFE1285A4CBD006CEAD8 /* Debug */ = {
			isa = XCBuildConfiguration;
			baseConfigurationReference = C8812B3CBC56D29A81F4A732 /* Pods-Flixter.debug.xcconfig */;
			buildSettings = {
				ASSETCATALOG_COMPILER_APPICON_NAME = AppIcon;
				ASSETCATALOG_COMPILER_GLOBAL_ACCENT_COLOR_NAME = AccentColor;
				CODE_SIGN_STYLE = Automatic;
				CURRENT_PROJECT_VERSION = 1;
				GENERATE_INFOPLIST_FILE = YES;
				INFOPLIST_FILE = Flixter/Info.plist;
				INFOPLIST_KEY_UIApplicationSupportsIndirectInputEvents = YES;
				INFOPLIST_KEY_UILaunchStoryboardName = LaunchScreen;
				INFOPLIST_KEY_UIMainStoryboardFile = Main;
				INFOPLIST_KEY_UISupportedInterfaceOrientations_iPad = "UIInterfaceOrientationPortrait UIInterfaceOrientationPortraitUpsideDown UIInterfaceOrientationLandscapeLeft UIInterfaceOrientationLandscapeRight";
				INFOPLIST_KEY_UISupportedInterfaceOrientations_iPhone = "UIInterfaceOrientationPortrait UIInterfaceOrientationLandscapeLeft UIInterfaceOrientationLandscapeRight";
				LD_RUNPATH_SEARCH_PATHS = (
					"$(inherited)",
					"@executable_path/Frameworks",
				);
				MARKETING_VERSION = 1.0;
				PRODUCT_BUNDLE_IDENTIFIER = com.uniquename.Flixter;
				PRODUCT_NAME = "$(TARGET_NAME)";
				SWIFT_EMIT_LOC_STRINGS = YES;
				TARGETED_DEVICE_FAMILY = "1,2";
			};
			name = Debug;
		};
		D4B5BFE2285A4CBD006CEAD8 /* Release */ = {
			isa = XCBuildConfiguration;
			baseConfigurationReference = E9236FAAB9C4C6AC54CD82BB /* Pods-Flixter.release.xcconfig */;
			buildSettings = {
				ASSETCATALOG_COMPILER_APPICON_NAME = AppIcon;
				ASSETCATALOG_COMPILER_GLOBAL_ACCENT_COLOR_NAME = AccentColor;
				CODE_SIGN_STYLE = Automatic;
				CURRENT_PROJECT_VERSION = 1;
				GENERATE_INFOPLIST_FILE = YES;
				INFOPLIST_FILE = Flixter/Info.plist;
				INFOPLIST_KEY_UIApplicationSupportsIndirectInputEvents = YES;
				INFOPLIST_KEY_UILaunchStoryboardName = LaunchScreen;
				INFOPLIST_KEY_UIMainStoryboardFile = Main;
				INFOPLIST_KEY_UISupportedInterfaceOrientations_iPad = "UIInterfaceOrientationPortrait UIInterfaceOrientationPortraitUpsideDown UIInterfaceOrientationLandscapeLeft UIInterfaceOrientationLandscapeRight";
				INFOPLIST_KEY_UISupportedInterfaceOrientations_iPhone = "UIInterfaceOrientationPortrait UIInterfaceOrientationLandscapeLeft UIInterfaceOrientationLandscapeRight";
				LD_RUNPATH_SEARCH_PATHS = (
					"$(inherited)",
					"@executable_path/Frameworks",
				);
				MARKETING_VERSION = 1.0;
				PRODUCT_BUNDLE_IDENTIFIER = com.uniquename.Flixter;
				PRODUCT_NAME = "$(TARGET_NAME)";
				SWIFT_EMIT_LOC_STRINGS = YES;
				TARGETED_DEVICE_FAMILY = "1,2";
			};
			name = Release;
		};
		D4B5BFE4285A4CBD006CEAD8 /* Debug */ = {
			isa = XCBuildConfiguration;
			baseConfigurationReference = 982E7547EDD5EF8925C567F1 /* Pods-FlixterTests.debug.xcconfig */;
			buildSettings = {
				BUNDLE_LOADER = "$(TEST_HOST)";
				CODE_SIGN_STYLE = Automatic;
				CURRENT_PROJECT_VERSION = 1;
				GENERATE_INFOPLIST_FILE = YES;
				IPHONEOS_DEPLOYMENT_TARGET = 15.5;
				MARKETING_VERSION = 1.0;
				PRODUCT_BUNDLE_IDENTIFIER = com.uniquename.FlixterTests;
				PRODUCT_NAME = "$(TARGET_NAME)";
				SWIFT_EMIT_LOC_STRINGS = NO;
				TARGETED_DEVICE_FAMILY = "1,2";
				TEST_HOST = "$(BUILT_PRODUCTS_DIR)/Flixter.app/Flixter";
			};
			name = Debug;
		};
		D4B5BFE5285A4CBD006CEAD8 /* Release */ = {
			isa = XCBuildConfiguration;
			baseConfigurationReference = 1A57FA13B41F489E37B4E52A /* Pods-FlixterTests.release.xcconfig */;
			buildSettings = {
				BUNDLE_LOADER = "$(TEST_HOST)";
				CODE_SIGN_STYLE = Automatic;
				CURRENT_PROJECT_VERSION = 1;
				GENERATE_INFOPLIST_FILE = YES;
				IPHONEOS_DEPLOYMENT_TARGET = 15.5;
				MARKETING_VERSION = 1.0;
				PRODUCT_BUNDLE_IDENTIFIER = com.uniquename.FlixterTests;
				PRODUCT_NAME = "$(TARGET_NAME)";
				SWIFT_EMIT_LOC_STRINGS = NO;
				TARGETED_DEVICE_FAMILY = "1,2";
				TEST_HOST = "$(BUILT_PRODUCTS_DIR)/Flixter.app/Flixter";
			};
			name = Release;
		};
		D4B5BFE7285A4CBD006CEAD8 /* Debug */ = {
			isa = XCBuildConfiguration;
			baseConfigurationReference = D542BC11D91DBBEB21C12296 /* Pods-Flixter-FlixterUITests.debug.xcconfig */;
			buildSettings = {
				CODE_SIGN_STYLE = Automatic;
				CURRENT_PROJECT_VERSION = 1;
				GENERATE_INFOPLIST_FILE = YES;
				MARKETING_VERSION = 1.0;
				PRODUCT_BUNDLE_IDENTIFIER = com.uniquename.FlixterUITests;
				PRODUCT_NAME = "$(TARGET_NAME)";
				SWIFT_EMIT_LOC_STRINGS = NO;
				TARGETED_DEVICE_FAMILY = "1,2";
				TEST_TARGET_NAME = Flixter;
			};
			name = Debug;
		};
		D4B5BFE8285A4CBD006CEAD8 /* Release */ = {
			isa = XCBuildConfiguration;
			baseConfigurationReference = 3472A5382854C4BD3A2BEDBB /* Pods-Flixter-FlixterUITests.release.xcconfig */;
			buildSettings = {
				CODE_SIGN_STYLE = Automatic;
				CURRENT_PROJECT_VERSION = 1;
				GENERATE_INFOPLIST_FILE = YES;
				MARKETING_VERSION = 1.0;
				PRODUCT_BUNDLE_IDENTIFIER = com.uniquename.FlixterUITests;
				PRODUCT_NAME = "$(TARGET_NAME)";
				SWIFT_EMIT_LOC_STRINGS = NO;
				TARGETED_DEVICE_FAMILY = "1,2";
				TEST_TARGET_NAME = Flixter;
			};
			name = Release;
		};
/* End XCBuildConfiguration section */

/* Begin XCConfigurationList section */
		D4B5BFAC285A4CBB006CEAD8 /* Build configuration list for PBXProject "Flixter" */ = {
			isa = XCConfigurationList;
			buildConfigurations = (
				D4B5BFDE285A4CBD006CEAD8 /* Debug */,
				D4B5BFDF285A4CBD006CEAD8 /* Release */,
			);
			defaultConfigurationIsVisible = 0;
			defaultConfigurationName = Release;
		};
		D4B5BFE0285A4CBD006CEAD8 /* Build configuration list for PBXNativeTarget "Flixter" */ = {
			isa = XCConfigurationList;
			buildConfigurations = (
				D4B5BFE1285A4CBD006CEAD8 /* Debug */,
				D4B5BFE2285A4CBD006CEAD8 /* Release */,
			);
			defaultConfigurationIsVisible = 0;
			defaultConfigurationName = Release;
		};
		D4B5BFE3285A4CBD006CEAD8 /* Build configuration list for PBXNativeTarget "FlixterTests" */ = {
			isa = XCConfigurationList;
			buildConfigurations = (
				D4B5BFE4285A4CBD006CEAD8 /* Debug */,
				D4B5BFE5285A4CBD006CEAD8 /* Release */,
			);
			defaultConfigurationIsVisible = 0;
			defaultConfigurationName = Release;
		};
		D4B5BFE6285A4CBD006CEAD8 /* Build configuration list for PBXNativeTarget "FlixterUITests" */ = {
			isa = XCConfigurationList;
			buildConfigurations = (
				D4B5BFE7285A4CBD006CEAD8 /* Debug */,
				D4B5BFE8285A4CBD006CEAD8 /* Release */,
			);
			defaultConfigurationIsVisible = 0;
			defaultConfigurationName = Release;
		};
/* End XCConfigurationList section */
	};
	rootObject = D4B5BFA9285A4CBB006CEAD8 /* Project object */;
}
